// !$*UTF8*$!
{
	archiveVersion = 1;
	classes = {
	};
	objectVersion = 50;
	objects = {

/* Begin PBXBuildFile section */
		80270F7A26208CD000A96298 /* AppDelegate.swift in Sources */ = {isa = PBXBuildFile; fileRef = 80270F7926208CD000A96298 /* AppDelegate.swift */; };
		80270F7C26208CD000A96298 /* SceneDelegate.swift in Sources */ = {isa = PBXBuildFile; fileRef = 80270F7B26208CD000A96298 /* SceneDelegate.swift */; };
		80270F8126208CD000A96298 /* Main.storyboard in Resources */ = {isa = PBXBuildFile; fileRef = 80270F7F26208CD000A96298 /* Main.storyboard */; };
		80270F8626208CD400A96298 /* Assets.xcassets in Resources */ = {isa = PBXBuildFile; fileRef = 80270F8526208CD400A96298 /* Assets.xcassets */; };
		80270F8926208CD400A96298 /* LaunchScreen.storyboard in Resources */ = {isa = PBXBuildFile; fileRef = 80270F8726208CD400A96298 /* LaunchScreen.storyboard */; };
		80270F9426208CD500A96298 /* SaadiCodeTests.swift in Sources */ = {isa = PBXBuildFile; fileRef = 80270F9326208CD500A96298 /* SaadiCodeTests.swift */; };
		80270F9F26208CD500A96298 /* SaadiCodeUITests.swift in Sources */ = {isa = PBXBuildFile; fileRef = 80270F9E26208CD500A96298 /* SaadiCodeUITests.swift */; };
		80270FC32620955900A96298 /* UsersViewController.swift in Sources */ = {isa = PBXBuildFile; fileRef = 80270FC22620955900A96298 /* UsersViewController.swift */; };
		80270FC82620959500A96298 /* BaseViewController.swift in Sources */ = {isa = PBXBuildFile; fileRef = 80270FC72620959500A96298 /* BaseViewController.swift */; };
		80270FCD262095CA00A96298 /* UsersViewModel.swift in Sources */ = {isa = PBXBuildFile; fileRef = 80270FCC262095CA00A96298 /* UsersViewModel.swift */; };
		80270FD2262095DB00A96298 /* UsersModel.swift in Sources */ = {isa = PBXBuildFile; fileRef = 80270FD1262095DB00A96298 /* UsersModel.swift */; };
		80270FD72620968300A96298 /* Common.swift in Sources */ = {isa = PBXBuildFile; fileRef = 80270FD62620968300A96298 /* Common.swift */; };
		80270FDC262097C800A96298 /* WebServices.swift in Sources */ = {isa = PBXBuildFile; fileRef = 80270FDB262097C800A96298 /* WebServices.swift */; };
		80270FE326209A3500A96298 /* UsersCell.swift in Sources */ = {isa = PBXBuildFile; fileRef = 80270FE126209A3500A96298 /* UsersCell.swift */; };
		80270FE426209A3500A96298 /* UsersCell.xib in Resources */ = {isa = PBXBuildFile; fileRef = 80270FE226209A3500A96298 /* UsersCell.xib */; };
		80270FEA2620A69B00A96298 /* Utils.swift in Sources */ = {isa = PBXBuildFile; fileRef = 80270FE92620A69B00A96298 /* Utils.swift */; };
		80270FF52620CC9000A96298 /* UserDetailsViewController.swift in Sources */ = {isa = PBXBuildFile; fileRef = 80270FF42620CC9000A96298 /* UserDetailsViewController.swift */; };
		80270FFD262161C800A96298 /* UserViewModel.swift in Sources */ = {isa = PBXBuildFile; fileRef = 80270FFC262161C800A96298 /* UserViewModel.swift */; };
		802710022621723300A96298 /* UserDataModelTest.swift in Sources */ = {isa = PBXBuildFile; fileRef = 802710012621723300A96298 /* UserDataModelTest.swift */; };
/* End PBXBuildFile section */

/* Begin PBXContainerItemProxy section */
		80270F9026208CD500A96298 /* PBXContainerItemProxy */ = {
			isa = PBXContainerItemProxy;
			containerPortal = 80270F6E26208CD000A96298 /* Project object */;
			proxyType = 1;
			remoteGlobalIDString = 80270F7526208CD000A96298;
			remoteInfo = SaadiCode;
		};
		80270F9B26208CD500A96298 /* PBXContainerItemProxy */ = {
			isa = PBXContainerItemProxy;
			containerPortal = 80270F6E26208CD000A96298 /* Project object */;
			proxyType = 1;
			remoteGlobalIDString = 80270F7526208CD000A96298;
			remoteInfo = SaadiCode;
		};
/* End PBXContainerItemProxy section */

/* Begin PBXFileReference section */
		80270F7626208CD000A96298 /* SaadiCode.app */ = {isa = PBXFileReference; explicitFileType = wrapper.application; includeInIndex = 0; path = SaadiCode.app; sourceTree = BUILT_PRODUCTS_DIR; };
		80270F7926208CD000A96298 /* AppDelegate.swift */ = {isa = PBXFileReference; lastKnownFileType = sourcecode.swift; path = AppDelegate.swift; sourceTree = "<group>"; };
		80270F7B26208CD000A96298 /* SceneDelegate.swift */ = {isa = PBXFileReference; lastKnownFileType = sourcecode.swift; path = SceneDelegate.swift; sourceTree = "<group>"; };
		80270F8026208CD000A96298 /* Base */ = {isa = PBXFileReference; lastKnownFileType = file.storyboard; name = Base; path = Base.lproj/Main.storyboard; sourceTree = "<group>"; };
		80270F8526208CD400A96298 /* Assets.xcassets */ = {isa = PBXFileReference; lastKnownFileType = folder.assetcatalog; path = Assets.xcassets; sourceTree = "<group>"; };
		80270F8826208CD400A96298 /* Base */ = {isa = PBXFileReference; lastKnownFileType = file.storyboard; name = Base; path = Base.lproj/LaunchScreen.storyboard; sourceTree = "<group>"; };
		80270F8A26208CD400A96298 /* Info.plist */ = {isa = PBXFileReference; lastKnownFileType = text.plist.xml; path = Info.plist; sourceTree = "<group>"; };
		80270F8F26208CD500A96298 /* SaadiCodeTests.xctest */ = {isa = PBXFileReference; explicitFileType = wrapper.cfbundle; includeInIndex = 0; path = SaadiCodeTests.xctest; sourceTree = BUILT_PRODUCTS_DIR; };
		80270F9326208CD500A96298 /* SaadiCodeTests.swift */ = {isa = PBXFileReference; lastKnownFileType = sourcecode.swift; path = SaadiCodeTests.swift; sourceTree = "<group>"; };
		80270F9526208CD500A96298 /* Info.plist */ = {isa = PBXFileReference; lastKnownFileType = text.plist.xml; path = Info.plist; sourceTree = "<group>"; };
		80270F9A26208CD500A96298 /* SaadiCodeUITests.xctest */ = {isa = PBXFileReference; explicitFileType = wrapper.cfbundle; includeInIndex = 0; path = SaadiCodeUITests.xctest; sourceTree = BUILT_PRODUCTS_DIR; };
		80270F9E26208CD500A96298 /* SaadiCodeUITests.swift */ = {isa = PBXFileReference; lastKnownFileType = sourcecode.swift; path = SaadiCodeUITests.swift; sourceTree = "<group>"; };
		80270FA026208CD500A96298 /* Info.plist */ = {isa = PBXFileReference; lastKnownFileType = text.plist.xml; path = Info.plist; sourceTree = "<group>"; };
		80270FC22620955900A96298 /* UsersViewController.swift */ = {isa = PBXFileReference; lastKnownFileType = sourcecode.swift; path = UsersViewController.swift; sourceTree = "<group>"; };
		80270FC72620959500A96298 /* BaseViewController.swift */ = {isa = PBXFileReference; lastKnownFileType = sourcecode.swift; path = BaseViewController.swift; sourceTree = "<group>"; };
		80270FCC262095CA00A96298 /* UsersViewModel.swift */ = {isa = PBXFileReference; lastKnownFileType = sourcecode.swift; path = UsersViewModel.swift; sourceTree = "<group>"; };
		80270FD1262095DB00A96298 /* UsersModel.swift */ = {isa = PBXFileReference; lastKnownFileType = sourcecode.swift; path = UsersModel.swift; sourceTree = "<group>"; };
		80270FD62620968300A96298 /* Common.swift */ = {isa = PBXFileReference; lastKnownFileType = sourcecode.swift; path = Common.swift; sourceTree = "<group>"; };
		80270FDB262097C800A96298 /* WebServices.swift */ = {isa = PBXFileReference; lastKnownFileType = sourcecode.swift; path = WebServices.swift; sourceTree = "<group>"; };
		80270FE126209A3500A96298 /* UsersCell.swift */ = {isa = PBXFileReference; lastKnownFileType = sourcecode.swift; path = UsersCell.swift; sourceTree = "<group>"; };
		80270FE226209A3500A96298 /* UsersCell.xib */ = {isa = PBXFileReference; lastKnownFileType = file.xib; path = UsersCell.xib; sourceTree = "<group>"; };
		80270FE92620A69B00A96298 /* Utils.swift */ = {isa = PBXFileReference; lastKnownFileType = sourcecode.swift; path = Utils.swift; sourceTree = "<group>"; };
		80270FF42620CC9000A96298 /* UserDetailsViewController.swift */ = {isa = PBXFileReference; lastKnownFileType = sourcecode.swift; path = UserDetailsViewController.swift; sourceTree = "<group>"; };
		80270FFC262161C800A96298 /* UserViewModel.swift */ = {isa = PBXFileReference; lastKnownFileType = sourcecode.swift; path = UserViewModel.swift; sourceTree = "<group>"; };
		802710012621723300A96298 /* UserDataModelTest.swift */ = {isa = PBXFileReference; lastKnownFileType = sourcecode.swift; path = UserDataModelTest.swift; sourceTree = "<group>"; };
/* End PBXFileReference section */

/* Begin PBXFrameworksBuildPhase section */
		80270F7326208CD000A96298 /* Frameworks */ = {
			isa = PBXFrameworksBuildPhase;
			buildActionMask = 2147483647;
			files = (
			);
			runOnlyForDeploymentPostprocessing = 0;
		};
		80270F8C26208CD500A96298 /* Frameworks */ = {
			isa = PBXFrameworksBuildPhase;
			buildActionMask = 2147483647;
			files = (
			);
			runOnlyForDeploymentPostprocessing = 0;
		};
		80270F9726208CD500A96298 /* Frameworks */ = {
			isa = PBXFrameworksBuildPhase;
			buildActionMask = 2147483647;
			files = (
			);
			runOnlyForDeploymentPostprocessing = 0;
		};
/* End PBXFrameworksBuildPhase section */

/* Begin PBXGroup section */
		80270F6D26208CD000A96298 = {
			isa = PBXGroup;
			children = (
				80270F7826208CD000A96298 /* SaadiCode */,
				80270F9226208CD500A96298 /* SaadiCodeTests */,
				80270F9D26208CD500A96298 /* SaadiCodeUITests */,
				80270F7726208CD000A96298 /* Products */,
			);
			sourceTree = "<group>";
		};
		80270F7726208CD000A96298 /* Products */ = {
			isa = PBXGroup;
			children = (
				80270F7626208CD000A96298 /* SaadiCode.app */,
				80270F8F26208CD500A96298 /* SaadiCodeTests.xctest */,
				80270F9A26208CD500A96298 /* SaadiCodeUITests.xctest */,
			);
			name = Products;
			sourceTree = "<group>";
		};
		80270F7826208CD000A96298 /* SaadiCode */ = {
			isa = PBXGroup;
			children = (
				80270FB82620936500A96298 /* Utilities */,
				80270FB72620935600A96298 /* Modules */,
				80270F7926208CD000A96298 /* AppDelegate.swift */,
				80270F7B26208CD000A96298 /* SceneDelegate.swift */,
				80270F7F26208CD000A96298 /* Main.storyboard */,
				80270F8526208CD400A96298 /* Assets.xcassets */,
				80270F8726208CD400A96298 /* LaunchScreen.storyboard */,
				80270F8A26208CD400A96298 /* Info.plist */,
			);
			path = SaadiCode;
			sourceTree = "<group>";
		};
		80270F9226208CD500A96298 /* SaadiCodeTests */ = {
			isa = PBXGroup;
			children = (
				80270F9326208CD500A96298 /* SaadiCodeTests.swift */,
				80270F9526208CD500A96298 /* Info.plist */,
				80270FFC262161C800A96298 /* UserViewModel.swift */,
				802710012621723300A96298 /* UserDataModelTest.swift */,
			);
			path = SaadiCodeTests;
			sourceTree = "<group>";
		};
		80270F9D26208CD500A96298 /* SaadiCodeUITests */ = {
			isa = PBXGroup;
			children = (
				80270F9E26208CD500A96298 /* SaadiCodeUITests.swift */,
				80270FA026208CD500A96298 /* Info.plist */,
			);
			path = SaadiCodeUITests;
			sourceTree = "<group>";
		};
		80270FB72620935600A96298 /* Modules */ = {
			isa = PBXGroup;
			children = (
				80270FB92620938900A96298 /* Users */,
			);
			path = Modules;
			sourceTree = "<group>";
		};
		80270FB82620936500A96298 /* Utilities */ = {
			isa = PBXGroup;
			children = (
				80270FE026209A0700A96298 /* CommonSubViews */,
				80270FC72620959500A96298 /* BaseViewController.swift */,
				80270FD62620968300A96298 /* Common.swift */,
				80270FE92620A69B00A96298 /* Utils.swift */,
				80270FDB262097C800A96298 /* WebServices.swift */,
			);
			path = Utilities;
			sourceTree = "<group>";
		};
		80270FB92620938900A96298 /* Users */ = {
			isa = PBXGroup;
			children = (
				80270FBB262093C600A96298 /* List */,
				80270FBA2620939B00A96298 /* Details */,
			);
			path = Users;
			sourceTree = "<group>";
		};
		80270FBA2620939B00A96298 /* Details */ = {
			isa = PBXGroup;
			children = (
				80270FF42620CC9000A96298 /* UserDetailsViewController.swift */,
			);
			path = Details;
			sourceTree = "<group>";
		};
		80270FBB262093C600A96298 /* List */ = {
			isa = PBXGroup;
			children = (
				80270FC22620955900A96298 /* UsersViewController.swift */,
				80270FCC262095CA00A96298 /* UsersViewModel.swift */,
				80270FD1262095DB00A96298 /* UsersModel.swift */,
			);
			path = List;
			sourceTree = "<group>";
		};
		80270FE026209A0700A96298 /* CommonSubViews */ = {
			isa = PBXGroup;
			children = (
				80270FE126209A3500A96298 /* UsersCell.swift */,
				80270FE226209A3500A96298 /* UsersCell.xib */,
			);
			path = CommonSubViews;
			sourceTree = "<group>";
		};
/* End PBXGroup section */

/* Begin PBXNativeTarget section */
		80270F7526208CD000A96298 /* SaadiCode */ = {
			isa = PBXNativeTarget;
			buildConfigurationList = 80270FA326208CD500A96298 /* Build configuration list for PBXNativeTarget "SaadiCode" */;
			buildPhases = (
				80270F7226208CD000A96298 /* Sources */,
				80270F7326208CD000A96298 /* Frameworks */,
				80270F7426208CD000A96298 /* Resources */,
			);
			buildRules = (
			);
			dependencies = (
			);
			name = SaadiCode;
			productName = SaadiCode;
			productReference = 80270F7626208CD000A96298 /* SaadiCode.app */;
			productType = "com.apple.product-type.application";
		};
		80270F8E26208CD500A96298 /* SaadiCodeTests */ = {
			isa = PBXNativeTarget;
			buildConfigurationList = 80270FA626208CD500A96298 /* Build configuration list for PBXNativeTarget "SaadiCodeTests" */;
			buildPhases = (
				80270F8B26208CD500A96298 /* Sources */,
				80270F8C26208CD500A96298 /* Frameworks */,
				80270F8D26208CD500A96298 /* Resources */,
			);
			buildRules = (
			);
			dependencies = (
				80270F9126208CD500A96298 /* PBXTargetDependency */,
			);
			name = SaadiCodeTests;
			productName = SaadiCodeTests;
			productReference = 80270F8F26208CD500A96298 /* SaadiCodeTests.xctest */;
			productType = "com.apple.product-type.bundle.unit-test";
		};
		80270F9926208CD500A96298 /* SaadiCodeUITests */ = {
			isa = PBXNativeTarget;
			buildConfigurationList = 80270FA926208CD500A96298 /* Build configuration list for PBXNativeTarget "SaadiCodeUITests" */;
			buildPhases = (
				80270F9626208CD500A96298 /* Sources */,
				80270F9726208CD500A96298 /* Frameworks */,
				80270F9826208CD500A96298 /* Resources */,
			);
			buildRules = (
			);
			dependencies = (
				80270F9C26208CD500A96298 /* PBXTargetDependency */,
			);
			name = SaadiCodeUITests;
			productName = SaadiCodeUITests;
			productReference = 80270F9A26208CD500A96298 /* SaadiCodeUITests.xctest */;
			productType = "com.apple.product-type.bundle.ui-testing";
		};
/* End PBXNativeTarget section */

/* Begin PBXProject section */
		80270F6E26208CD000A96298 /* Project object */ = {
			isa = PBXProject;
			attributes = {
				LastSwiftUpdateCheck = 1240;
				LastUpgradeCheck = 1240;
				TargetAttributes = {
					80270F7526208CD000A96298 = {
						CreatedOnToolsVersion = 12.4;
					};
					80270F8E26208CD500A96298 = {
						CreatedOnToolsVersion = 12.4;
						TestTargetID = 80270F7526208CD000A96298;
					};
					80270F9926208CD500A96298 = {
						CreatedOnToolsVersion = 12.4;
						TestTargetID = 80270F7526208CD000A96298;
					};
				};
			};
			buildConfigurationList = 80270F7126208CD000A96298 /* Build configuration list for PBXProject "SaadiCode" */;
			compatibilityVersion = "Xcode 9.3";
			developmentRegion = en;
			hasScannedForEncodings = 0;
			knownRegions = (
				en,
				Base,
			);
			mainGroup = 80270F6D26208CD000A96298;
			productRefGroup = 80270F7726208CD000A96298 /* Products */;
			projectDirPath = "";
			projectRoot = "";
			targets = (
				80270F7526208CD000A96298 /* SaadiCode */,
				80270F8E26208CD500A96298 /* SaadiCodeTests */,
				80270F9926208CD500A96298 /* SaadiCodeUITests */,
			);
		};
/* End PBXProject section */

/* Begin PBXResourcesBuildPhase section */
		80270F7426208CD000A96298 /* Resources */ = {
			isa = PBXResourcesBuildPhase;
			buildActionMask = 2147483647;
			files = (
				80270FE426209A3500A96298 /* UsersCell.xib in Resources */,
				80270F8926208CD400A96298 /* LaunchScreen.storyboard in Resources */,
				80270F8626208CD400A96298 /* Assets.xcassets in Resources */,
				80270F8126208CD000A96298 /* Main.storyboard in Resources */,
			);
			runOnlyForDeploymentPostprocessing = 0;
		};
		80270F8D26208CD500A96298 /* Resources */ = {
			isa = PBXResourcesBuildPhase;
			buildActionMask = 2147483647;
			files = (
			);
			runOnlyForDeploymentPostprocessing = 0;
		};
		80270F9826208CD500A96298 /* Resources */ = {
			isa = PBXResourcesBuildPhase;
			buildActionMask = 2147483647;
			files = (
			);
			runOnlyForDeploymentPostprocessing = 0;
		};
/* End PBXResourcesBuildPhase section */

/* Begin PBXSourcesBuildPhase section */
		80270F7226208CD000A96298 /* Sources */ = {
			isa = PBXSourcesBuildPhase;
			buildActionMask = 2147483647;
			files = (
				80270FD72620968300A96298 /* Common.swift in Sources */,
				80270FC82620959500A96298 /* BaseViewController.swift in Sources */,
				80270FCD262095CA00A96298 /* UsersViewModel.swift in Sources */,
				80270F7A26208CD000A96298 /* AppDelegate.swift in Sources */,
				80270FE326209A3500A96298 /* UsersCell.swift in Sources */,
				80270FC32620955900A96298 /* UsersViewController.swift in Sources */,
				80270F7C26208CD000A96298 /* SceneDelegate.swift in Sources */,
				80270FEA2620A69B00A96298 /* Utils.swift in Sources */,
				80270FF52620CC9000A96298 /* UserDetailsViewController.swift in Sources */,
				80270FD2262095DB00A96298 /* UsersModel.swift in Sources */,
				80270FDC262097C800A96298 /* WebServices.swift in Sources */,
			);
			runOnlyForDeploymentPostprocessing = 0;
		};
		80270F8B26208CD500A96298 /* Sources */ = {
			isa = PBXSourcesBuildPhase;
			buildActionMask = 2147483647;
			files = (
				80270F9426208CD500A96298 /* SaadiCodeTests.swift in Sources */,
				802710022621723300A96298 /* UserDataModelTest.swift in Sources */,
				80270FFD262161C800A96298 /* UserViewModel.swift in Sources */,
			);
			runOnlyForDeploymentPostprocessing = 0;
		};
		80270F9626208CD500A96298 /* Sources */ = {
			isa = PBXSourcesBuildPhase;
			buildActionMask = 2147483647;
			files = (
				80270F9F26208CD500A96298 /* SaadiCodeUITests.swift in Sources */,
			);
			runOnlyForDeploymentPostprocessing = 0;
		};
/* End PBXSourcesBuildPhase section */

/* Begin PBXTargetDependency section */
		80270F9126208CD500A96298 /* PBXTargetDependency */ = {
			isa = PBXTargetDependency;
			target = 80270F7526208CD000A96298 /* SaadiCode */;
			targetProxy = 80270F9026208CD500A96298 /* PBXContainerItemProxy */;
		};
		80270F9C26208CD500A96298 /* PBXTargetDependency */ = {
			isa = PBXTargetDependency;
			target = 80270F7526208CD000A96298 /* SaadiCode */;
			targetProxy = 80270F9B26208CD500A96298 /* PBXContainerItemProxy */;
		};
/* End PBXTargetDependency section */

/* Begin PBXVariantGroup section */
		80270F7F26208CD000A96298 /* Main.storyboard */ = {
			isa = PBXVariantGroup;
			children = (
				80270F8026208CD000A96298 /* Base */,
			);
			name = Main.storyboard;
			sourceTree = "<group>";
		};
		80270F8726208CD400A96298 /* LaunchScreen.storyboard */ = {
			isa = PBXVariantGroup;
			children = (
				80270F8826208CD400A96298 /* Base */,
			);
			name = LaunchScreen.storyboard;
			sourceTree = "<group>";
		};
/* End PBXVariantGroup section */

/* Begin XCBuildConfiguration section */
		80270FA126208CD500A96298 /* Debug */ = {
			isa = XCBuildConfiguration;
			buildSettings = {
				ALWAYS_SEARCH_USER_PATHS = NO;
				CLANG_ANALYZER_NONNULL = YES;
				CLANG_ANALYZER_NUMBER_OBJECT_CONVERSION = YES_AGGRESSIVE;
				CLANG_CXX_LANGUAGE_STANDARD = "gnu++14";
				CLANG_CXX_LIBRARY = "libc++";
				CLANG_ENABLE_MODULES = YES;
				CLANG_ENABLE_OBJC_ARC = YES;
				CLANG_ENABLE_OBJC_WEAK = YES;
				CLANG_WARN_BLOCK_CAPTURE_AUTORELEASING = YES;
				CLANG_WARN_BOOL_CONVERSION = YES;
				CLANG_WARN_COMMA = YES;
				CLANG_WARN_CONSTANT_CONVERSION = YES;
				CLANG_WARN_DEPRECATED_OBJC_IMPLEMENTATIONS = YES;
				CLANG_WARN_DIRECT_OBJC_ISA_USAGE = YES_ERROR;
				CLANG_WARN_DOCUMENTATION_COMMENTS = YES;
				CLANG_WARN_EMPTY_BODY = YES;
				CLANG_WARN_ENUM_CONVERSION = YES;
				CLANG_WARN_INFINITE_RECURSION = YES;
				CLANG_WARN_INT_CONVERSION = YES;
				CLANG_WARN_NON_LITERAL_NULL_CONVERSION = YES;
				CLANG_WARN_OBJC_IMPLICIT_RETAIN_SELF = YES;
				CLANG_WARN_OBJC_LITERAL_CONVERSION = YES;
				CLANG_WARN_OBJC_ROOT_CLASS = YES_ERROR;
				CLANG_WARN_QUOTED_INCLUDE_IN_FRAMEWORK_HEADER = YES;
				CLANG_WARN_RANGE_LOOP_ANALYSIS = YES;
				CLANG_WARN_STRICT_PROTOTYPES = YES;
				CLANG_WARN_SUSPICIOUS_MOVE = YES;
				CLANG_WARN_UNGUARDED_AVAILABILITY = YES_AGGRESSIVE;
				CLANG_WARN_UNREACHABLE_CODE = YES;
				CLANG_WARN__DUPLICATE_METHOD_MATCH = YES;
				COPY_PHASE_STRIP = NO;
				DEBUG_INFORMATION_FORMAT = dwarf;
				ENABLE_STRICT_OBJC_MSGSEND = YES;
				ENABLE_TESTABILITY = YES;
				GCC_C_LANGUAGE_STANDARD = gnu11;
				GCC_DYNAMIC_NO_PIC = NO;
				GCC_NO_COMMON_BLOCKS = YES;
				GCC_OPTIMIZATION_LEVEL = 0;
				GCC_PREPROCESSOR_DEFINITIONS = (
					"DEBUG=1",
					"$(inherited)",
				);
				GCC_WARN_64_TO_32_BIT_CONVERSION = YES;
				GCC_WARN_ABOUT_RETURN_TYPE = YES_ERROR;
				GCC_WARN_UNDECLARED_SELECTOR = YES;
				GCC_WARN_UNINITIALIZED_AUTOS = YES_AGGRESSIVE;
				GCC_WARN_UNUSED_FUNCTION = YES;
				GCC_WARN_UNUSED_VARIABLE = YES;
				IPHONEOS_DEPLOYMENT_TARGET = 11.0;
				MTL_ENABLE_DEBUG_INFO = INCLUDE_SOURCE;
				MTL_FAST_MATH = YES;
				ONLY_ACTIVE_ARCH = YES;
				SDKROOT = iphoneos;
				SWIFT_ACTIVE_COMPILATION_CONDITIONS = DEBUG;
				SWIFT_OPTIMIZATION_LEVEL = "-Onone";
			};
			name = Debug;
		};
		80270FA226208CD500A96298 /* Release */ = {
			isa = XCBuildConfiguration;
			buildSettings = {
				ALWAYS_SEARCH_USER_PATHS = NO;
				CLANG_ANALYZER_NONNULL = YES;
				CLANG_ANALYZER_NUMBER_OBJECT_CONVERSION = YES_AGGRESSIVE;
				CLANG_CXX_LANGUAGE_STANDARD = "gnu++14";
				CLANG_CXX_LIBRARY = "libc++";
				CLANG_ENABLE_MODULES = YES;
				CLANG_ENABLE_OBJC_ARC = YES;
				CLANG_ENABLE_OBJC_WEAK = YES;
				CLANG_WARN_BLOCK_CAPTURE_AUTORELEASING = YES;
				CLANG_WARN_BOOL_CONVERSION = YES;
				CLANG_WARN_COMMA = YES;
				CLANG_WARN_CONSTANT_CONVERSION = YES;
				CLANG_WARN_DEPRECATED_OBJC_IMPLEMENTATIONS = YES;
				CLANG_WARN_DIRECT_OBJC_ISA_USAGE = YES_ERROR;
				CLANG_WARN_DOCUMENTATION_COMMENTS = YES;
				CLANG_WARN_EMPTY_BODY = YES;
				CLANG_WARN_ENUM_CONVERSION = YES;
				CLANG_WARN_INFINITE_RECURSION = YES;
				CLANG_WARN_INT_CONVERSION = YES;
				CLANG_WARN_NON_LITERAL_NULL_CONVERSION = YES;
				CLANG_WARN_OBJC_IMPLICIT_RETAIN_SELF = YES;
				CLANG_WARN_OBJC_LITERAL_CONVERSION = YES;
				CLANG_WARN_OBJC_ROOT_CLASS = YES_ERROR;
				CLANG_WARN_QUOTED_INCLUDE_IN_FRAMEWORK_HEADER = YES;
				CLANG_WARN_RANGE_LOOP_ANALYSIS = YES;
				CLANG_WARN_STRICT_PROTOTYPES = YES;
				CLANG_WARN_SUSPICIOUS_MOVE = YES;
				CLANG_WARN_UNGUARDED_AVAILABILITY = YES_AGGRESSIVE;
				CLANG_WARN_UNREACHABLE_CODE = YES;
				CLANG_WARN__DUPLICATE_METHOD_MATCH = YES;
				COPY_PHASE_STRIP = NO;
				DEBUG_INFORMATION_FORMAT = "dwarf-with-dsym";
				ENABLE_NS_ASSERTIONS = NO;
				ENABLE_STRICT_OBJC_MSGSEND = YES;
				GCC_C_LANGUAGE_STANDARD = gnu11;
				GCC_NO_COMMON_BLOCKS = YES;
				GCC_WARN_64_TO_32_BIT_CONVERSION = YES;
				GCC_WARN_ABOUT_RETURN_TYPE = YES_ERROR;
				GCC_WARN_UNDECLARED_SELECTOR = YES;
				GCC_WARN_UNINITIALIZED_AUTOS = YES_AGGRESSIVE;
				GCC_WARN_UNUSED_FUNCTION = YES;
				GCC_WARN_UNUSED_VARIABLE = YES;
				IPHONEOS_DEPLOYMENT_TARGET = 11.0;
				MTL_ENABLE_DEBUG_INFO = NO;
				MTL_FAST_MATH = YES;
				SDKROOT = iphoneos;
				SWIFT_COMPILATION_MODE = wholemodule;
				SWIFT_OPTIMIZATION_LEVEL = "-O";
				VALIDATE_PRODUCT = YES;
			};
			name = Release;
		};
		80270FA426208CD500A96298 /* Debug */ = {
			isa = XCBuildConfiguration;
			buildSettings = {
				ASSETCATALOG_COMPILER_APPICON_NAME = AppIcon;
				ASSETCATALOG_COMPILER_GLOBAL_ACCENT_COLOR_NAME = AccentColor;
				CODE_SIGN_STYLE = Automatic;
				INFOPLIST_FILE = SaadiCode/Info.plist;
				IPHONEOS_DEPLOYMENT_TARGET = 11.0;
				LD_RUNPATH_SEARCH_PATHS = (
					"$(inherited)",
					"@executable_path/Frameworks",
				);
				PRODUCT_BUNDLE_IDENTIFIER = mahendraVishwakarma.SaadiCode;
				PRODUCT_NAME = "$(TARGET_NAME)";
				SWIFT_VERSION = 5.0;
				TARGETED_DEVICE_FAMILY = "1,2";
			};
			name = Debug;
		};
		80270FA526208CD500A96298 /* Release */ = {
			isa = XCBuildConfiguration;
			buildSettings = {
				ASSETCATALOG_COMPILER_APPICON_NAME = AppIcon;
				ASSETCATALOG_COMPILER_GLOBAL_ACCENT_COLOR_NAME = AccentColor;
				CODE_SIGN_STYLE = Automatic;
				INFOPLIST_FILE = SaadiCode/Info.plist;
				IPHONEOS_DEPLOYMENT_TARGET = 11.0;
				LD_RUNPATH_SEARCH_PATHS = (
					"$(inherited)",
					"@executable_path/Frameworks",
				);
				PRODUCT_BUNDLE_IDENTIFIER = mahendraVishwakarma.SaadiCode;
				PRODUCT_NAME = "$(TARGET_NAME)";
				SWIFT_VERSION = 5.0;
				TARGETED_DEVICE_FAMILY = "1,2";
			};
			name = Release;
		};
		80270FA726208CD500A96298 /* Debug */ = {
			isa = XCBuildConfiguration;
			buildSettings = {
				ALWAYS_EMBED_SWIFT_STANDARD_LIBRARIES = YES;
				BUNDLE_LOADER = "$(TEST_HOST)";
				CODE_SIGN_STYLE = Automatic;
				INFOPLIST_FILE = SaadiCodeTests/Info.plist;
				IPHONEOS_DEPLOYMENT_TARGET = 14.4;
				LD_RUNPATH_SEARCH_PATHS = (
					"$(inherited)",
					"@executable_path/Frameworks",
					"@loader_path/Frameworks",
				);
				PRODUCT_BUNDLE_IDENTIFIER = mahendraVishwakarma.SaadiCodeTests;
				PRODUCT_NAME = "$(TARGET_NAME)";
				SWIFT_VERSION = 5.0;
				TARGETED_DEVICE_FAMILY = "1,2";
				TEST_HOST = "$(BUILT_PRODUCTS_DIR)/SaadiCode.app/SaadiCode";
			};
			name = Debug;
		};
		80270FA826208CD500A96298 /* Release */ = {
			isa = XCBuildConfiguration;
			buildSettings = {
				ALWAYS_EMBED_SWIFT_STANDARD_LIBRARIES = YES;
				BUNDLE_LOADER = "$(TEST_HOST)";
				CODE_SIGN_STYLE = Automatic;
				INFOPLIST_FILE = SaadiCodeTests/Info.plist;
				IPHONEOS_DEPLOYMENT_TARGET = 14.4;
				LD_RUNPATH_SEARCH_PATHS = (
					"$(inherited)",
					"@executable_path/Frameworks",
					"@loader_path/Frameworks",
				);
				PRODUCT_BUNDLE_IDENTIFIER = mahendraVishwakarma.SaadiCodeTests;
				PRODUCT_NAME = "$(TARGET_NAME)";
				SWIFT_VERSION = 5.0;
				TARGETED_DEVICE_FAMILY = "1,2";
				TEST_HOST = "$(BUILT_PRODUCTS_DIR)/SaadiCode.app/SaadiCode";
			};
			name = Release;
		};
		80270FAA26208CD500A96298 /* Debug */ = {
			isa = XCBuildConfiguration;
			buildSettings = {
				ALWAYS_EMBED_SWIFT_STANDARD_LIBRARIES = YES;
				CODE_SIGN_STYLE = Automatic;
				INFOPLIST_FILE = SaadiCodeUITests/Info.plist;
				LD_RUNPATH_SEARCH_PATHS = (
					"$(inherited)",
					"@executable_path/Frameworks",
					"@loader_path/Frameworks",
				);
				PRODUCT_BUNDLE_IDENTIFIER = mahendraVishwakarma.SaadiCodeUITests;
				PRODUCT_NAME = "$(TARGET_NAME)";
				SWIFT_VERSION = 5.0;
				TARGETED_DEVICE_FAMILY = "1,2";
				TEST_TARGET_NAME = SaadiCode;
			};
			name = Debug;
		};
		80270FAB26208CD500A96298 /* Release */ = {
			isa = XCBuildConfiguration;
			buildSettings = {
				ALWAYS_EMBED_SWIFT_STANDARD_LIBRARIES = YES;
				CODE_SIGN_STYLE = Automatic;
				INFOPLIST_FILE = SaadiCodeUITests/Info.plist;
				LD_RUNPATH_SEARCH_PATHS = (
					"$(inherited)",
					"@executable_path/Frameworks",
					"@loader_path/Frameworks",
				);
				PRODUCT_BUNDLE_IDENTIFIER = mahendraVishwakarma.SaadiCodeUITests;
				PRODUCT_NAME = "$(TARGET_NAME)";
				SWIFT_VERSION = 5.0;
				TARGETED_DEVICE_FAMILY = "1,2";
				TEST_TARGET_NAME = SaadiCode;
			};
			name = Release;
		};
/* End XCBuildConfiguration section */

/* Begin XCConfigurationList section */
		80270F7126208CD000A96298 /* Build configuration list for PBXProject "SaadiCode" */ = {
			isa = XCConfigurationList;
			buildConfigurations = (
				80270FA126208CD500A96298 /* Debug */,
				80270FA226208CD500A96298 /* Release */,
			);
			defaultConfigurationIsVisible = 0;
			defaultConfigurationName = Release;
		};
		80270FA326208CD500A96298 /* Build configuration list for PBXNativeTarget "SaadiCode" */ = {
			isa = XCConfigurationList;
			buildConfigurations = (
				80270FA426208CD500A96298 /* Debug */,
				80270FA526208CD500A96298 /* Release */,
			);
			defaultConfigurationIsVisible = 0;
			defaultConfigurationName = Release;
		};
		80270FA626208CD500A96298 /* Build configuration list for PBXNativeTarget "SaadiCodeTests" */ = {
			isa = XCConfigurationList;
			buildConfigurations = (
				80270FA726208CD500A96298 /* Debug */,
				80270FA826208CD500A96298 /* Release */,
			);
			defaultConfigurationIsVisible = 0;
			defaultConfigurationName = Release;
		};
		80270FA926208CD500A96298 /* Build configuration list for PBXNativeTarget "SaadiCodeUITests" */ = {
			isa = XCConfigurationList;
			buildConfigurations = (
				80270FAA26208CD500A96298 /* Debug */,
				80270FAB26208CD500A96298 /* Release */,
			);
			defaultConfigurationIsVisible = 0;
			defaultConfigurationName = Release;
		};
/* End XCConfigurationList section */
	};
	rootObject = 80270F6E26208CD000A96298 /* Project object */;
}
